
Microsoft Visual Studio Solution File, Format Version 12.00
# Visual Studio 14
VisualStudioVersion = 14.0.25420.1
MinimumVisualStudioVersion = 12.0
Project("{2150E333-8FDC-42A3-9474-1A3956D46DE8}") = "examples", "examples", "{B0B3DF26-6B87-48E2-8480-131E47286015}"
EndProject
Project("{2150E333-8FDC-42A3-9474-1A3956D46DE8}") = "Driver", "Driver", "{3F543635-FF30-4B88-B55C-1C74FC3BF793}"
EndProject
Project("{8BC9CEB8-8B4A-11D0-8D11-00A0C91BC942}") = "synccom", "driver\synccom.vcxproj", "{5A1B3836-9A4A-43A0-85CC-96F7E1F1F063}"
EndProject
Project("{8BC9CEB8-8B4A-11D0-8D11-00A0C91BC942}") = "append-status", "examples\append-status\append-status.vcxproj", "{32BBD24C-C4E0-450F-A96D-9F51C4846B09}"
EndProject
Project("{8BC9CEB8-8B4A-11D0-8D11-00A0C91BC942}") = "append-timestamp", "examples\append-timestamp\append-timestamp.vcxproj", "{36A9BDE1-906C-448B-86C6-302C31ACE5EE}"
EndProject
Project("{8BC9CEB8-8B4A-11D0-8D11-00A0C91BC942}") = "clock-frequency", "examples\clock-frequency\clock-frequency.vcxproj", "{A407252E-64D2-49FF-99EF-0F021501AA6C}"
EndProject
Project("{8BC9CEB8-8B4A-11D0-8D11-00A0C91BC942}") = "memory-cap", "examples\memory-cap\memory-cap.vcxproj", "{AB1E983A-7884-4815-9884-B11C1C9470CD}"
EndProject
Project("{8BC9CEB8-8B4A-11D0-8D11-00A0C91BC942}") = "purge", "examples\purge\purge.vcxproj", "{3228245E-2980-4BFE-9D8E-BC454C45C09A}"
EndProject
Project("{8BC9CEB8-8B4A-11D0-8D11-00A0C91BC942}") = "registers", "examples\registers\registers.vcxproj", "{E0B050CC-2B64-46BE-83DC-1B7BD14C9813}"
EndProject
Project("{8BC9CEB8-8B4A-11D0-8D11-00A0C91BC942}") = "rx-multiple", "examples\rx-multiple\rx-multiple.vcxproj", "{D054CFFC-860E-4FEE-B800-762473E70B06}"
EndProject
Project("{8BC9CEB8-8B4A-11D0-8D11-00A0C91BC942}") = "tutorial", "examples\tutorial\tutorial.vcxproj", "{D706ABC5-64B7-4FC8-A4ED-3D17C0545F9B}"
EndProject
Project("{8BC9CEB8-8B4A-11D0-8D11-00A0C91BC942}") = "tx-modifiers", "examples\tx-modifiers\tx-modifiers.vcxproj", "{B48A8FF5-43F6-426F-8B1F-20F1B93D6868}"
EndProject
Project("{2150E333-8FDC-42A3-9474-1A3956D46DE8}") = "tools", "tools", "{4665CB92-2F38-425C-AE13-E2F64CE216A2}"
EndProject
Project("{8BC9CEB8-8B4A-11D0-8D11-00A0C91BC942}") = "loopback-test", "tools\loopback-test\loopback-test.vcxproj", "{E79A8ACF-4E58-434B-A967-B5A6269B823C}"
EndProject
Project("{8BC9CEB8-8B4A-11D0-8D11-00A0C91BC942}") = "reprogram-firmware", "tools\reprogram-firmware\reprogram-firmware.vcxproj", "{5566B554-26CF-45A6-BBEF-14247D836E41}"
EndProject
Project("{8BC9CEB8-8B4A-11D0-8D11-00A0C91BC942}") = "get-firmware", "examples\get-firmware\get-firmware.vcxproj", "{2D62C5A0-8C74-490B-BD22-EDE0AF86002F}"
EndProject
Project("{8BC9CEB8-8B4A-11D0-8D11-00A0C91BC942}") = "classinst", "driver\classinstaller\classinst.vcxproj", "{D83F728B-4530-4AD7-A303-C8C7C8258689}"
EndProject
Global
	GlobalSection(SolutionConfigurationPlatforms) = preSolution
		Debug|Any CPU = Debug|Any CPU
		Debug|Win32 = Debug|Win32
		Debug|x64 = Debug|x64
		Release|Any CPU = Release|Any CPU
		Release|Win32 = Release|Win32
		Release|x64 = Release|x64
		Win10Debug|Any CPU = Win10Debug|Any CPU
		Win10Debug|Win32 = Win10Debug|Win32
		Win10Debug|x64 = Win10Debug|x64
		Win10Release|Any CPU = Win10Release|Any CPU
		Win10Release|Win32 = Win10Release|Win32
		Win10Release|x64 = Win10Release|x64
		Win7 Debug|Any CPU = Win7 Debug|Any CPU
		Win7 Debug|Win32 = Win7 Debug|Win32
		Win7 Debug|x64 = Win7 Debug|x64
		Win7 Release|Any CPU = Win7 Release|Any CPU
		Win7 Release|Win32 = Win7 Release|Win32
		Win7 Release|x64 = Win7 Release|x64
		Win7Debug|Any CPU = Win7Debug|Any CPU
		Win7Debug|Win32 = Win7Debug|Win32
		Win7Debug|x64 = Win7Debug|x64
		Win7Release|Any CPU = Win7Release|Any CPU
		Win7Release|Win32 = Win7Release|Win32
		Win7Release|x64 = Win7Release|x64
	EndGlobalSection
	GlobalSection(ProjectConfigurationPlatforms) = postSolution
		{5A1B3836-9A4A-43A0-85CC-96F7E1F1F063}.Debug|Any CPU.ActiveCfg = Win7Debug|x64
		{5A1B3836-9A4A-43A0-85CC-96F7E1F1F063}.Debug|Any CPU.Build.0 = Win7Debug|x64
		{5A1B3836-9A4A-43A0-85CC-96F7E1F1F063}.Debug|Any CPU.Deploy.0 = Win7Debug|x64
		{5A1B3836-9A4A-43A0-85CC-96F7E1F1F063}.Debug|Win32.ActiveCfg = Win7Debug|Win32
		{5A1B3836-9A4A-43A0-85CC-96F7E1F1F063}.Debug|Win32.Build.0 = Win7Debug|Win32
		{5A1B3836-9A4A-43A0-85CC-96F7E1F1F063}.Debug|Win32.Deploy.0 = Win7Debug|Win32
		{5A1B3836-9A4A-43A0-85CC-96F7E1F1F063}.Debug|x64.ActiveCfg = Win7Debug|x64
		{5A1B3836-9A4A-43A0-85CC-96F7E1F1F063}.Debug|x64.Build.0 = Win7Debug|x64
		{5A1B3836-9A4A-43A0-85CC-96F7E1F1F063}.Debug|x64.Deploy.0 = Win7Debug|x64
		{5A1B3836-9A4A-43A0-85CC-96F7E1F1F063}.Release|Any CPU.ActiveCfg = Win7Debug|x64
		{5A1B3836-9A4A-43A0-85CC-96F7E1F1F063}.Release|Any CPU.Build.0 = Win7Debug|x64
		{5A1B3836-9A4A-43A0-85CC-96F7E1F1F063}.Release|Any CPU.Deploy.0 = Win7Debug|x64
		{5A1B3836-9A4A-43A0-85CC-96F7E1F1F063}.Release|Win32.ActiveCfg = Win7Release|Win32
		{5A1B3836-9A4A-43A0-85CC-96F7E1F1F063}.Release|Win32.Build.0 = Win7Release|Win32
		{5A1B3836-9A4A-43A0-85CC-96F7E1F1F063}.Release|Win32.Deploy.0 = Win7Release|Win32
		{5A1B3836-9A4A-43A0-85CC-96F7E1F1F063}.Release|x64.ActiveCfg = Win7Release|x64
		{5A1B3836-9A4A-43A0-85CC-96F7E1F1F063}.Release|x64.Build.0 = Win7Release|x64
		{5A1B3836-9A4A-43A0-85CC-96F7E1F1F063}.Release|x64.Deploy.0 = Win7Release|x64
		{5A1B3836-9A4A-43A0-85CC-96F7E1F1F063}.Win10Debug|Any CPU.ActiveCfg = Win10Debug|Win32
		{5A1B3836-9A4A-43A0-85CC-96F7E1F1F063}.Win10Debug|Win32.ActiveCfg = Win10Debug|Win32
		{5A1B3836-9A4A-43A0-85CC-96F7E1F1F063}.Win10Debug|Win32.Build.0 = Win10Debug|Win32
		{5A1B3836-9A4A-43A0-85CC-96F7E1F1F063}.Win10Debug|Win32.Deploy.0 = Win10Debug|Win32
		{5A1B3836-9A4A-43A0-85CC-96F7E1F1F063}.Win10Debug|x64.ActiveCfg = Win10Debug|x64
		{5A1B3836-9A4A-43A0-85CC-96F7E1F1F063}.Win10Debug|x64.Build.0 = Win10Debug|x64
		{5A1B3836-9A4A-43A0-85CC-96F7E1F1F063}.Win10Debug|x64.Deploy.0 = Win10Debug|x64
		{5A1B3836-9A4A-43A0-85CC-96F7E1F1F063}.Win10Release|Any CPU.ActiveCfg = Win10Release|Win32
		{5A1B3836-9A4A-43A0-85CC-96F7E1F1F063}.Win10Release|Win32.ActiveCfg = Win10Release|Win32
		{5A1B3836-9A4A-43A0-85CC-96F7E1F1F063}.Win10Release|Win32.Build.0 = Win10Release|Win32
		{5A1B3836-9A4A-43A0-85CC-96F7E1F1F063}.Win10Release|Win32.Deploy.0 = Win10Release|Win32
		{5A1B3836-9A4A-43A0-85CC-96F7E1F1F063}.Win10Release|x64.ActiveCfg = Win10Release|x64
		{5A1B3836-9A4A-43A0-85CC-96F7E1F1F063}.Win10Release|x64.Build.0 = Win10Release|x64
		{5A1B3836-9A4A-43A0-85CC-96F7E1F1F063}.Win10Release|x64.Deploy.0 = Win10Release|x64
		{5A1B3836-9A4A-43A0-85CC-96F7E1F1F063}.Win7 Debug|Any CPU.ActiveCfg = Win10Release|x64
		{5A1B3836-9A4A-43A0-85CC-96F7E1F1F063}.Win7 Debug|Any CPU.Build.0 = Win10Release|x64
		{5A1B3836-9A4A-43A0-85CC-96F7E1F1F063}.Win7 Debug|Any CPU.Deploy.0 = Win10Release|x64
		{5A1B3836-9A4A-43A0-85CC-96F7E1F1F063}.Win7 Debug|Win32.ActiveCfg = Win7Release|Win32
		{5A1B3836-9A4A-43A0-85CC-96F7E1F1F063}.Win7 Debug|Win32.Build.0 = Win7Release|Win32
		{5A1B3836-9A4A-43A0-85CC-96F7E1F1F063}.Win7 Debug|Win32.Deploy.0 = Win7Release|Win32
		{5A1B3836-9A4A-43A0-85CC-96F7E1F1F063}.Win7 Debug|x64.ActiveCfg = Win7Release|x64
		{5A1B3836-9A4A-43A0-85CC-96F7E1F1F063}.Win7 Debug|x64.Build.0 = Win7Release|x64
		{5A1B3836-9A4A-43A0-85CC-96F7E1F1F063}.Win7 Debug|x64.Deploy.0 = Win7Release|x64
		{5A1B3836-9A4A-43A0-85CC-96F7E1F1F063}.Win7 Release|Any CPU.ActiveCfg = Win7Release|x64
		{5A1B3836-9A4A-43A0-85CC-96F7E1F1F063}.Win7 Release|Any CPU.Build.0 = Win7Release|x64
		{5A1B3836-9A4A-43A0-85CC-96F7E1F1F063}.Win7 Release|Any CPU.Deploy.0 = Win7Release|x64
		{5A1B3836-9A4A-43A0-85CC-96F7E1F1F063}.Win7 Release|Win32.ActiveCfg = Win7Release|Win32
		{5A1B3836-9A4A-43A0-85CC-96F7E1F1F063}.Win7 Release|Win32.Build.0 = Win7Release|Win32
		{5A1B3836-9A4A-43A0-85CC-96F7E1F1F063}.Win7 Release|Win32.Deploy.0 = Win7Release|Win32
		{5A1B3836-9A4A-43A0-85CC-96F7E1F1F063}.Win7 Release|x64.ActiveCfg = Win7Release|x64
		{5A1B3836-9A4A-43A0-85CC-96F7E1F1F063}.Win7 Release|x64.Build.0 = Win7Release|x64
		{5A1B3836-9A4A-43A0-85CC-96F7E1F1F063}.Win7 Release|x64.Deploy.0 = Win7Release|x64
		{5A1B3836-9A4A-43A0-85CC-96F7E1F1F063}.Win7Debug|Any CPU.ActiveCfg = Win7Debug|Win32
		{5A1B3836-9A4A-43A0-85CC-96F7E1F1F063}.Win7Debug|Win32.ActiveCfg = Win7Debug|Win32
		{5A1B3836-9A4A-43A0-85CC-96F7E1F1F063}.Win7Debug|Win32.Build.0 = Win7Debug|Win32
		{5A1B3836-9A4A-43A0-85CC-96F7E1F1F063}.Win7Debug|Win32.Deploy.0 = Win7Debug|Win32
		{5A1B3836-9A4A-43A0-85CC-96F7E1F1F063}.Win7Debug|x64.ActiveCfg = Win7Debug|x64
		{5A1B3836-9A4A-43A0-85CC-96F7E1F1F063}.Win7Debug|x64.Build.0 = Win7Debug|x64
		{5A1B3836-9A4A-43A0-85CC-96F7E1F1F063}.Win7Debug|x64.Deploy.0 = Win7Debug|x64
		{5A1B3836-9A4A-43A0-85CC-96F7E1F1F063}.Win7Release|Any CPU.ActiveCfg = Win7Release|Win32
		{5A1B3836-9A4A-43A0-85CC-96F7E1F1F063}.Win7Release|Win32.ActiveCfg = Win7Release|Win32
		{5A1B3836-9A4A-43A0-85CC-96F7E1F1F063}.Win7Release|Win32.Build.0 = Win7Release|Win32
		{5A1B3836-9A4A-43A0-85CC-96F7E1F1F063}.Win7Release|Win32.Deploy.0 = Win7Release|Win32
		{5A1B3836-9A4A-43A0-85CC-96F7E1F1F063}.Win7Release|x64.ActiveCfg = Win7Release|x64
		{5A1B3836-9A4A-43A0-85CC-96F7E1F1F063}.Win7Release|x64.Build.0 = Win7Release|x64
		{5A1B3836-9A4A-43A0-85CC-96F7E1F1F063}.Win7Release|x64.Deploy.0 = Win7Release|x64
		{32BBD24C-C4E0-450F-A96D-9F51C4846B09}.Debug|Any CPU.ActiveCfg = Debug|Win32
		{32BBD24C-C4E0-450F-A96D-9F51C4846B09}.Debug|Win32.ActiveCfg = Debug|Win32
		{32BBD24C-C4E0-450F-A96D-9F51C4846B09}.Debug|Win32.Build.0 = Debug|Win32
		{32BBD24C-C4E0-450F-A96D-9F51C4846B09}.Debug|x64.ActiveCfg = Debug|Win32
		{32BBD24C-C4E0-450F-A96D-9F51C4846B09}.Release|Any CPU.ActiveCfg = Release|Win32
		{32BBD24C-C4E0-450F-A96D-9F51C4846B09}.Release|Win32.ActiveCfg = Release|Win32
		{32BBD24C-C4E0-450F-A96D-9F51C4846B09}.Release|Win32.Build.0 = Release|Win32
		{32BBD24C-C4E0-450F-A96D-9F51C4846B09}.Release|x64.ActiveCfg = Release|Win32
		{32BBD24C-C4E0-450F-A96D-9F51C4846B09}.Win10Debug|Any CPU.ActiveCfg = Release|Win32
		{32BBD24C-C4E0-450F-A96D-9F51C4846B09}.Win10Debug|Any CPU.Build.0 = Release|Win32
		{32BBD24C-C4E0-450F-A96D-9F51C4846B09}.Win10Debug|Win32.ActiveCfg = Debug|Win32
		{32BBD24C-C4E0-450F-A96D-9F51C4846B09}.Win10Debug|Win32.Build.0 = Debug|Win32
		{32BBD24C-C4E0-450F-A96D-9F51C4846B09}.Win10Debug|x64.ActiveCfg = Release|Win32
		{32BBD24C-C4E0-450F-A96D-9F51C4846B09}.Win10Debug|x64.Build.0 = Release|Win32
		{32BBD24C-C4E0-450F-A96D-9F51C4846B09}.Win10Release|Any CPU.ActiveCfg = Release|Win32
		{32BBD24C-C4E0-450F-A96D-9F51C4846B09}.Win10Release|Any CPU.Build.0 = Release|Win32
		{32BBD24C-C4E0-450F-A96D-9F51C4846B09}.Win10Release|Win32.ActiveCfg = Release|Win32
		{32BBD24C-C4E0-450F-A96D-9F51C4846B09}.Win10Release|Win32.Build.0 = Release|Win32
		{32BBD24C-C4E0-450F-A96D-9F51C4846B09}.Win10Release|x64.ActiveCfg = Release|Win32
		{32BBD24C-C4E0-450F-A96D-9F51C4846B09}.Win10Release|x64.Build.0 = Release|Win32
		{32BBD24C-C4E0-450F-A96D-9F51C4846B09}.Win7 Debug|Any CPU.ActiveCfg = Release|Win32
		{32BBD24C-C4E0-450F-A96D-9F51C4846B09}.Win7 Debug|Any CPU.Build.0 = Release|Win32
		{32BBD24C-C4E0-450F-A96D-9F51C4846B09}.Win7 Debug|Win32.ActiveCfg = Debug|Win32
		{32BBD24C-C4E0-450F-A96D-9F51C4846B09}.Win7 Debug|Win32.Build.0 = Debug|Win32
		{32BBD24C-C4E0-450F-A96D-9F51C4846B09}.Win7 Debug|x64.ActiveCfg = Release|Win32
		{32BBD24C-C4E0-450F-A96D-9F51C4846B09}.Win7 Debug|x64.Build.0 = Release|Win32
		{32BBD24C-C4E0-450F-A96D-9F51C4846B09}.Win7 Release|Any CPU.ActiveCfg = Release|Win32
		{32BBD24C-C4E0-450F-A96D-9F51C4846B09}.Win7 Release|Any CPU.Build.0 = Release|Win32
		{32BBD24C-C4E0-450F-A96D-9F51C4846B09}.Win7 Release|Win32.ActiveCfg = Release|Win32
		{32BBD24C-C4E0-450F-A96D-9F51C4846B09}.Win7 Release|Win32.Build.0 = Release|Win32
		{32BBD24C-C4E0-450F-A96D-9F51C4846B09}.Win7 Release|x64.ActiveCfg = Release|Win32
		{32BBD24C-C4E0-450F-A96D-9F51C4846B09}.Win7 Release|x64.Build.0 = Release|Win32
		{32BBD24C-C4E0-450F-A96D-9F51C4846B09}.Win7Debug|Any CPU.ActiveCfg = Release|Win32
		{32BBD24C-C4E0-450F-A96D-9F51C4846B09}.Win7Debug|Any CPU.Build.0 = Release|Win32
		{32BBD24C-C4E0-450F-A96D-9F51C4846B09}.Win7Debug|Win32.ActiveCfg = Debug|Win32
		{32BBD24C-C4E0-450F-A96D-9F51C4846B09}.Win7Debug|Win32.Build.0 = Debug|Win32
		{32BBD24C-C4E0-450F-A96D-9F51C4846B09}.Win7Debug|x64.ActiveCfg = Release|Win32
		{32BBD24C-C4E0-450F-A96D-9F51C4846B09}.Win7Debug|x64.Build.0 = Release|Win32
		{32BBD24C-C4E0-450F-A96D-9F51C4846B09}.Win7Release|Any CPU.ActiveCfg = Release|Win32
		{32BBD24C-C4E0-450F-A96D-9F51C4846B09}.Win7Release|Any CPU.Build.0 = Release|Win32
		{32BBD24C-C4E0-450F-A96D-9F51C4846B09}.Win7Release|Win32.ActiveCfg = Release|Win32
		{32BBD24C-C4E0-450F-A96D-9F51C4846B09}.Win7Release|Win32.Build.0 = Release|Win32
		{32BBD24C-C4E0-450F-A96D-9F51C4846B09}.Win7Release|x64.ActiveCfg = Release|Win32
		{32BBD24C-C4E0-450F-A96D-9F51C4846B09}.Win7Release|x64.Build.0 = Release|Win32
		{36A9BDE1-906C-448B-86C6-302C31ACE5EE}.Debug|Any CPU.ActiveCfg = Debug|Win32
		{36A9BDE1-906C-448B-86C6-302C31ACE5EE}.Debug|Win32.ActiveCfg = Debug|Win32
		{36A9BDE1-906C-448B-86C6-302C31ACE5EE}.Debug|Win32.Build.0 = Debug|Win32
		{36A9BDE1-906C-448B-86C6-302C31ACE5EE}.Debug|x64.ActiveCfg = Debug|Win32
		{36A9BDE1-906C-448B-86C6-302C31ACE5EE}.Release|Any CPU.ActiveCfg = Release|Win32
		{36A9BDE1-906C-448B-86C6-302C31ACE5EE}.Release|Win32.ActiveCfg = Release|Win32
		{36A9BDE1-906C-448B-86C6-302C31ACE5EE}.Release|Win32.Build.0 = Release|Win32
		{36A9BDE1-906C-448B-86C6-302C31ACE5EE}.Release|x64.ActiveCfg = Release|Win32
		{36A9BDE1-906C-448B-86C6-302C31ACE5EE}.Win10Debug|Any CPU.ActiveCfg = Release|Win32
		{36A9BDE1-906C-448B-86C6-302C31ACE5EE}.Win10Debug|Any CPU.Build.0 = Release|Win32
		{36A9BDE1-906C-448B-86C6-302C31ACE5EE}.Win10Debug|Win32.ActiveCfg = Debug|Win32
		{36A9BDE1-906C-448B-86C6-302C31ACE5EE}.Win10Debug|Win32.Build.0 = Debug|Win32
		{36A9BDE1-906C-448B-86C6-302C31ACE5EE}.Win10Debug|x64.ActiveCfg = Release|Win32
		{36A9BDE1-906C-448B-86C6-302C31ACE5EE}.Win10Debug|x64.Build.0 = Release|Win32
		{36A9BDE1-906C-448B-86C6-302C31ACE5EE}.Win10Release|Any CPU.ActiveCfg = Release|Win32
		{36A9BDE1-906C-448B-86C6-302C31ACE5EE}.Win10Release|Any CPU.Build.0 = Release|Win32
		{36A9BDE1-906C-448B-86C6-302C31ACE5EE}.Win10Release|Win32.ActiveCfg = Release|Win32
		{36A9BDE1-906C-448B-86C6-302C31ACE5EE}.Win10Release|Win32.Build.0 = Release|Win32
		{36A9BDE1-906C-448B-86C6-302C31ACE5EE}.Win10Release|x64.ActiveCfg = Release|Win32
		{36A9BDE1-906C-448B-86C6-302C31ACE5EE}.Win10Release|x64.Build.0 = Release|Win32
		{36A9BDE1-906C-448B-86C6-302C31ACE5EE}.Win7 Debug|Any CPU.ActiveCfg = Release|Win32
		{36A9BDE1-906C-448B-86C6-302C31ACE5EE}.Win7 Debug|Any CPU.Build.0 = Release|Win32
		{36A9BDE1-906C-448B-86C6-302C31ACE5EE}.Win7 Debug|Win32.ActiveCfg = Debug|Win32
		{36A9BDE1-906C-448B-86C6-302C31ACE5EE}.Win7 Debug|Win32.Build.0 = Debug|Win32
		{36A9BDE1-906C-448B-86C6-302C31ACE5EE}.Win7 Debug|x64.ActiveCfg = Release|Win32
		{36A9BDE1-906C-448B-86C6-302C31ACE5EE}.Win7 Debug|x64.Build.0 = Release|Win32
		{36A9BDE1-906C-448B-86C6-302C31ACE5EE}.Win7 Release|Any CPU.ActiveCfg = Release|Win32
		{36A9BDE1-906C-448B-86C6-302C31ACE5EE}.Win7 Release|Any CPU.Build.0 = Release|Win32
		{36A9BDE1-906C-448B-86C6-302C31ACE5EE}.Win7 Release|Win32.ActiveCfg = Release|Win32
		{36A9BDE1-906C-448B-86C6-302C31ACE5EE}.Win7 Release|Win32.Build.0 = Release|Win32
		{36A9BDE1-906C-448B-86C6-302C31ACE5EE}.Win7 Release|x64.ActiveCfg = Release|Win32
		{36A9BDE1-906C-448B-86C6-302C31ACE5EE}.Win7 Release|x64.Build.0 = Release|Win32
		{36A9BDE1-906C-448B-86C6-302C31ACE5EE}.Win7Debug|Any CPU.ActiveCfg = Release|Win32
		{36A9BDE1-906C-448B-86C6-302C31ACE5EE}.Win7Debug|Any CPU.Build.0 = Release|Win32
		{36A9BDE1-906C-448B-86C6-302C31ACE5EE}.Win7Debug|Win32.ActiveCfg = Debug|Win32
		{36A9BDE1-906C-448B-86C6-302C31ACE5EE}.Win7Debug|Win32.Build.0 = Debug|Win32
		{36A9BDE1-906C-448B-86C6-302C31ACE5EE}.Win7Debug|x64.ActiveCfg = Release|Win32
		{36A9BDE1-906C-448B-86C6-302C31ACE5EE}.Win7Debug|x64.Build.0 = Release|Win32
		{36A9BDE1-906C-448B-86C6-302C31ACE5EE}.Win7Release|Any CPU.ActiveCfg = Release|Win32
		{36A9BDE1-906C-448B-86C6-302C31ACE5EE}.Win7Release|Any CPU.Build.0 = Release|Win32
		{36A9BDE1-906C-448B-86C6-302C31ACE5EE}.Win7Release|Win32.ActiveCfg = Release|Win32
		{36A9BDE1-906C-448B-86C6-302C31ACE5EE}.Win7Release|Win32.Build.0 = Release|Win32
		{36A9BDE1-906C-448B-86C6-302C31ACE5EE}.Win7Release|x64.ActiveCfg = Release|Win32
		{36A9BDE1-906C-448B-86C6-302C31ACE5EE}.Win7Release|x64.Build.0 = Release|Win32
		{A407252E-64D2-49FF-99EF-0F021501AA6C}.Debug|Any CPU.ActiveCfg = Debug|Win32
		{A407252E-64D2-49FF-99EF-0F021501AA6C}.Debug|Win32.ActiveCfg = Debug|Win32
		{A407252E-64D2-49FF-99EF-0F021501AA6C}.Debug|Win32.Build.0 = Debug|Win32
		{A407252E-64D2-49FF-99EF-0F021501AA6C}.Debug|x64.ActiveCfg = Debug|Win32
		{A407252E-64D2-49FF-99EF-0F021501AA6C}.Release|Any CPU.ActiveCfg = Release|Win32
		{A407252E-64D2-49FF-99EF-0F021501AA6C}.Release|Win32.ActiveCfg = Release|Win32
		{A407252E-64D2-49FF-99EF-0F021501AA6C}.Release|Win32.Build.0 = Release|Win32
		{A407252E-64D2-49FF-99EF-0F021501AA6C}.Release|x64.ActiveCfg = Release|Win32
		{A407252E-64D2-49FF-99EF-0F021501AA6C}.Win10Debug|Any CPU.ActiveCfg = Release|Win32
		{A407252E-64D2-49FF-99EF-0F021501AA6C}.Win10Debug|Any CPU.Build.0 = Release|Win32
		{A407252E-64D2-49FF-99EF-0F021501AA6C}.Win10Debug|Win32.ActiveCfg = Debug|Win32
		{A407252E-64D2-49FF-99EF-0F021501AA6C}.Win10Debug|Win32.Build.0 = Debug|Win32
		{A407252E-64D2-49FF-99EF-0F021501AA6C}.Win10Debug|x64.ActiveCfg = Release|Win32
		{A407252E-64D2-49FF-99EF-0F021501AA6C}.Win10Debug|x64.Build.0 = Release|Win32
		{A407252E-64D2-49FF-99EF-0F021501AA6C}.Win10Release|Any CPU.ActiveCfg = Release|Win32
		{A407252E-64D2-49FF-99EF-0F021501AA6C}.Win10Release|Any CPU.Build.0 = Release|Win32
		{A407252E-64D2-49FF-99EF-0F021501AA6C}.Win10Release|Win32.ActiveCfg = Release|Win32
		{A407252E-64D2-49FF-99EF-0F021501AA6C}.Win10Release|Win32.Build.0 = Release|Win32
		{A407252E-64D2-49FF-99EF-0F021501AA6C}.Win10Release|x64.ActiveCfg = Release|Win32
		{A407252E-64D2-49FF-99EF-0F021501AA6C}.Win10Release|x64.Build.0 = Release|Win32
		{A407252E-64D2-49FF-99EF-0F021501AA6C}.Win7 Debug|Any CPU.ActiveCfg = Release|Win32
		{A407252E-64D2-49FF-99EF-0F021501AA6C}.Win7 Debug|Any CPU.Build.0 = Release|Win32
		{A407252E-64D2-49FF-99EF-0F021501AA6C}.Win7 Debug|Win32.ActiveCfg = Debug|Win32
		{A407252E-64D2-49FF-99EF-0F021501AA6C}.Win7 Debug|Win32.Build.0 = Debug|Win32
		{A407252E-64D2-49FF-99EF-0F021501AA6C}.Win7 Debug|x64.ActiveCfg = Release|Win32
		{A407252E-64D2-49FF-99EF-0F021501AA6C}.Win7 Debug|x64.Build.0 = Release|Win32
		{A407252E-64D2-49FF-99EF-0F021501AA6C}.Win7 Release|Any CPU.ActiveCfg = Release|Win32
		{A407252E-64D2-49FF-99EF-0F021501AA6C}.Win7 Release|Any CPU.Build.0 = Release|Win32
		{A407252E-64D2-49FF-99EF-0F021501AA6C}.Win7 Release|Win32.ActiveCfg = Release|Win32
		{A407252E-64D2-49FF-99EF-0F021501AA6C}.Win7 Release|Win32.Build.0 = Release|Win32
		{A407252E-64D2-49FF-99EF-0F021501AA6C}.Win7 Release|x64.ActiveCfg = Release|Win32
		{A407252E-64D2-49FF-99EF-0F021501AA6C}.Win7 Release|x64.Build.0 = Release|Win32
		{A407252E-64D2-49FF-99EF-0F021501AA6C}.Win7Debug|Any CPU.ActiveCfg = Release|Win32
		{A407252E-64D2-49FF-99EF-0F021501AA6C}.Win7Debug|Any CPU.Build.0 = Release|Win32
		{A407252E-64D2-49FF-99EF-0F021501AA6C}.Win7Debug|Win32.ActiveCfg = Debug|Win32
		{A407252E-64D2-49FF-99EF-0F021501AA6C}.Win7Debug|Win32.Build.0 = Debug|Win32
		{A407252E-64D2-49FF-99EF-0F021501AA6C}.Win7Debug|x64.ActiveCfg = Release|Win32
		{A407252E-64D2-49FF-99EF-0F021501AA6C}.Win7Debug|x64.Build.0 = Release|Win32
		{A407252E-64D2-49FF-99EF-0F021501AA6C}.Win7Release|Any CPU.ActiveCfg = Release|Win32
		{A407252E-64D2-49FF-99EF-0F021501AA6C}.Win7Release|Any CPU.Build.0 = Release|Win32
		{A407252E-64D2-49FF-99EF-0F021501AA6C}.Win7Release|Win32.ActiveCfg = Release|Win32
		{A407252E-64D2-49FF-99EF-0F021501AA6C}.Win7Release|Win32.Build.0 = Release|Win32
		{A407252E-64D2-49FF-99EF-0F021501AA6C}.Win7Release|x64.ActiveCfg = Release|Win32
		{A407252E-64D2-49FF-99EF-0F021501AA6C}.Win7Release|x64.Build.0 = Release|Win32
		{AB1E983A-7884-4815-9884-B11C1C9470CD}.Debug|Any CPU.ActiveCfg = Debug|Win32
		{AB1E983A-7884-4815-9884-B11C1C9470CD}.Debug|Win32.ActiveCfg = Debug|Win32
		{AB1E983A-7884-4815-9884-B11C1C9470CD}.Debug|Win32.Build.0 = Debug|Win32
		{AB1E983A-7884-4815-9884-B11C1C9470CD}.Debug|x64.ActiveCfg = Debug|Win32
		{AB1E983A-7884-4815-9884-B11C1C9470CD}.Release|Any CPU.ActiveCfg = Release|Win32
		{AB1E983A-7884-4815-9884-B11C1C9470CD}.Release|Win32.ActiveCfg = Release|Win32
		{AB1E983A-7884-4815-9884-B11C1C9470CD}.Release|Win32.Build.0 = Release|Win32
		{AB1E983A-7884-4815-9884-B11C1C9470CD}.Release|x64.ActiveCfg = Release|Win32
		{AB1E983A-7884-4815-9884-B11C1C9470CD}.Win10Debug|Any CPU.ActiveCfg = Release|Win32
		{AB1E983A-7884-4815-9884-B11C1C9470CD}.Win10Debug|Any CPU.Build.0 = Release|Win32
		{AB1E983A-7884-4815-9884-B11C1C9470CD}.Win10Debug|Win32.ActiveCfg = Debug|Win32
		{AB1E983A-7884-4815-9884-B11C1C9470CD}.Win10Debug|Win32.Build.0 = Debug|Win32
		{AB1E983A-7884-4815-9884-B11C1C9470CD}.Win10Debug|x64.ActiveCfg = Release|Win32
		{AB1E983A-7884-4815-9884-B11C1C9470CD}.Win10Debug|x64.Build.0 = Release|Win32
		{AB1E983A-7884-4815-9884-B11C1C9470CD}.Win10Release|Any CPU.ActiveCfg = Release|Win32
		{AB1E983A-7884-4815-9884-B11C1C9470CD}.Win10Release|Any CPU.Build.0 = Release|Win32
		{AB1E983A-7884-4815-9884-B11C1C9470CD}.Win10Release|Win32.ActiveCfg = Release|Win32
		{AB1E983A-7884-4815-9884-B11C1C9470CD}.Win10Release|Win32.Build.0 = Release|Win32
		{AB1E983A-7884-4815-9884-B11C1C9470CD}.Win10Release|x64.ActiveCfg = Release|Win32
		{AB1E983A-7884-4815-9884-B11C1C9470CD}.Win10Release|x64.Build.0 = Release|Win32
		{AB1E983A-7884-4815-9884-B11C1C9470CD}.Win7 Debug|Any CPU.ActiveCfg = Release|Win32
		{AB1E983A-7884-4815-9884-B11C1C9470CD}.Win7 Debug|Any CPU.Build.0 = Release|Win32
		{AB1E983A-7884-4815-9884-B11C1C9470CD}.Win7 Debug|Win32.ActiveCfg = Debug|Win32
		{AB1E983A-7884-4815-9884-B11C1C9470CD}.Win7 Debug|Win32.Build.0 = Debug|Win32
		{AB1E983A-7884-4815-9884-B11C1C9470CD}.Win7 Debug|x64.ActiveCfg = Release|Win32
		{AB1E983A-7884-4815-9884-B11C1C9470CD}.Win7 Debug|x64.Build.0 = Release|Win32
		{AB1E983A-7884-4815-9884-B11C1C9470CD}.Win7 Release|Any CPU.ActiveCfg = Release|Win32
		{AB1E983A-7884-4815-9884-B11C1C9470CD}.Win7 Release|Any CPU.Build.0 = Release|Win32
		{AB1E983A-7884-4815-9884-B11C1C9470CD}.Win7 Release|Win32.ActiveCfg = Release|Win32
		{AB1E983A-7884-4815-9884-B11C1C9470CD}.Win7 Release|Win32.Build.0 = Release|Win32
		{AB1E983A-7884-4815-9884-B11C1C9470CD}.Win7 Release|x64.ActiveCfg = Release|Win32
		{AB1E983A-7884-4815-9884-B11C1C9470CD}.Win7 Release|x64.Build.0 = Release|Win32
		{AB1E983A-7884-4815-9884-B11C1C9470CD}.Win7Debug|Any CPU.ActiveCfg = Release|Win32
		{AB1E983A-7884-4815-9884-B11C1C9470CD}.Win7Debug|Any CPU.Build.0 = Release|Win32
		{AB1E983A-7884-4815-9884-B11C1C9470CD}.Win7Debug|Win32.ActiveCfg = Debug|Win32
		{AB1E983A-7884-4815-9884-B11C1C9470CD}.Win7Debug|Win32.Build.0 = Debug|Win32
		{AB1E983A-7884-4815-9884-B11C1C9470CD}.Win7Debug|x64.ActiveCfg = Release|Win32
		{AB1E983A-7884-4815-9884-B11C1C9470CD}.Win7Debug|x64.Build.0 = Release|Win32
		{AB1E983A-7884-4815-9884-B11C1C9470CD}.Win7Release|Any CPU.ActiveCfg = Release|Win32
		{AB1E983A-7884-4815-9884-B11C1C9470CD}.Win7Release|Any CPU.Build.0 = Release|Win32
		{AB1E983A-7884-4815-9884-B11C1C9470CD}.Win7Release|Win32.ActiveCfg = Release|Win32
		{AB1E983A-7884-4815-9884-B11C1C9470CD}.Win7Release|Win32.Build.0 = Release|Win32
		{AB1E983A-7884-4815-9884-B11C1C9470CD}.Win7Release|x64.ActiveCfg = Release|Win32
		{AB1E983A-7884-4815-9884-B11C1C9470CD}.Win7Release|x64.Build.0 = Release|Win32
		{3228245E-2980-4BFE-9D8E-BC454C45C09A}.Debug|Any CPU.ActiveCfg = Debug|Win32
		{3228245E-2980-4BFE-9D8E-BC454C45C09A}.Debug|Win32.ActiveCfg = Debug|Win32
		{3228245E-2980-4BFE-9D8E-BC454C45C09A}.Debug|Win32.Build.0 = Debug|Win32
		{3228245E-2980-4BFE-9D8E-BC454C45C09A}.Debug|x64.ActiveCfg = Debug|Win32
		{3228245E-2980-4BFE-9D8E-BC454C45C09A}.Release|Any CPU.ActiveCfg = Release|Win32
		{3228245E-2980-4BFE-9D8E-BC454C45C09A}.Release|Win32.ActiveCfg = Release|Win32
		{3228245E-2980-4BFE-9D8E-BC454C45C09A}.Release|Win32.Build.0 = Release|Win32
		{3228245E-2980-4BFE-9D8E-BC454C45C09A}.Release|x64.ActiveCfg = Release|Win32
		{3228245E-2980-4BFE-9D8E-BC454C45C09A}.Win10Debug|Any CPU.ActiveCfg = Release|Win32
		{3228245E-2980-4BFE-9D8E-BC454C45C09A}.Win10Debug|Any CPU.Build.0 = Release|Win32
		{3228245E-2980-4BFE-9D8E-BC454C45C09A}.Win10Debug|Win32.ActiveCfg = Debug|Win32
		{3228245E-2980-4BFE-9D8E-BC454C45C09A}.Win10Debug|Win32.Build.0 = Debug|Win32
		{3228245E-2980-4BFE-9D8E-BC454C45C09A}.Win10Debug|x64.ActiveCfg = Release|Win32
		{3228245E-2980-4BFE-9D8E-BC454C45C09A}.Win10Debug|x64.Build.0 = Release|Win32
		{3228245E-2980-4BFE-9D8E-BC454C45C09A}.Win10Release|Any CPU.ActiveCfg = Release|Win32
		{3228245E-2980-4BFE-9D8E-BC454C45C09A}.Win10Release|Any CPU.Build.0 = Release|Win32
		{3228245E-2980-4BFE-9D8E-BC454C45C09A}.Win10Release|Win32.ActiveCfg = Release|Win32
		{3228245E-2980-4BFE-9D8E-BC454C45C09A}.Win10Release|Win32.Build.0 = Release|Win32
		{3228245E-2980-4BFE-9D8E-BC454C45C09A}.Win10Release|x64.ActiveCfg = Release|Win32
		{3228245E-2980-4BFE-9D8E-BC454C45C09A}.Win10Release|x64.Build.0 = Release|Win32
		{3228245E-2980-4BFE-9D8E-BC454C45C09A}.Win7 Debug|Any CPU.ActiveCfg = Release|Win32
		{3228245E-2980-4BFE-9D8E-BC454C45C09A}.Win7 Debug|Any CPU.Build.0 = Release|Win32
		{3228245E-2980-4BFE-9D8E-BC454C45C09A}.Win7 Debug|Win32.ActiveCfg = Debug|Win32
		{3228245E-2980-4BFE-9D8E-BC454C45C09A}.Win7 Debug|Win32.Build.0 = Debug|Win32
		{3228245E-2980-4BFE-9D8E-BC454C45C09A}.Win7 Debug|x64.ActiveCfg = Release|Win32
		{3228245E-2980-4BFE-9D8E-BC454C45C09A}.Win7 Debug|x64.Build.0 = Release|Win32
		{3228245E-2980-4BFE-9D8E-BC454C45C09A}.Win7 Release|Any CPU.ActiveCfg = Release|Win32
		{3228245E-2980-4BFE-9D8E-BC454C45C09A}.Win7 Release|Any CPU.Build.0 = Release|Win32
		{3228245E-2980-4BFE-9D8E-BC454C45C09A}.Win7 Release|Win32.ActiveCfg = Release|Win32
		{3228245E-2980-4BFE-9D8E-BC454C45C09A}.Win7 Release|Win32.Build.0 = Release|Win32
		{3228245E-2980-4BFE-9D8E-BC454C45C09A}.Win7 Release|x64.ActiveCfg = Release|Win32
		{3228245E-2980-4BFE-9D8E-BC454C45C09A}.Win7 Release|x64.Build.0 = Release|Win32
		{3228245E-2980-4BFE-9D8E-BC454C45C09A}.Win7Debug|Any CPU.ActiveCfg = Release|Win32
		{3228245E-2980-4BFE-9D8E-BC454C45C09A}.Win7Debug|Any CPU.Build.0 = Release|Win32
		{3228245E-2980-4BFE-9D8E-BC454C45C09A}.Win7Debug|Win32.ActiveCfg = Debug|Win32
		{3228245E-2980-4BFE-9D8E-BC454C45C09A}.Win7Debug|Win32.Build.0 = Debug|Win32
		{3228245E-2980-4BFE-9D8E-BC454C45C09A}.Win7Debug|x64.ActiveCfg = Release|Win32
		{3228245E-2980-4BFE-9D8E-BC454C45C09A}.Win7Debug|x64.Build.0 = Release|Win32
		{3228245E-2980-4BFE-9D8E-BC454C45C09A}.Win7Release|Any CPU.ActiveCfg = Release|Win32
		{3228245E-2980-4BFE-9D8E-BC454C45C09A}.Win7Release|Any CPU.Build.0 = Release|Win32
		{3228245E-2980-4BFE-9D8E-BC454C45C09A}.Win7Release|Win32.ActiveCfg = Release|Win32
		{3228245E-2980-4BFE-9D8E-BC454C45C09A}.Win7Release|Win32.Build.0 = Release|Win32
		{3228245E-2980-4BFE-9D8E-BC454C45C09A}.Win7Release|x64.ActiveCfg = Release|Win32
		{3228245E-2980-4BFE-9D8E-BC454C45C09A}.Win7Release|x64.Build.0 = Release|Win32
		{E0B050CC-2B64-46BE-83DC-1B7BD14C9813}.Debug|Any CPU.ActiveCfg = Debug|Win32
		{E0B050CC-2B64-46BE-83DC-1B7BD14C9813}.Debug|Win32.ActiveCfg = Debug|Win32
		{E0B050CC-2B64-46BE-83DC-1B7BD14C9813}.Debug|Win32.Build.0 = Debug|Win32
		{E0B050CC-2B64-46BE-83DC-1B7BD14C9813}.Debug|x64.ActiveCfg = Debug|Win32
		{E0B050CC-2B64-46BE-83DC-1B7BD14C9813}.Release|Any CPU.ActiveCfg = Release|Win32
		{E0B050CC-2B64-46BE-83DC-1B7BD14C9813}.Release|Win32.ActiveCfg = Release|Win32
		{E0B050CC-2B64-46BE-83DC-1B7BD14C9813}.Release|Win32.Build.0 = Release|Win32
		{E0B050CC-2B64-46BE-83DC-1B7BD14C9813}.Release|x64.ActiveCfg = Release|Win32
		{E0B050CC-2B64-46BE-83DC-1B7BD14C9813}.Win10Debug|Any CPU.ActiveCfg = Release|Win32
		{E0B050CC-2B64-46BE-83DC-1B7BD14C9813}.Win10Debug|Any CPU.Build.0 = Release|Win32
		{E0B050CC-2B64-46BE-83DC-1B7BD14C9813}.Win10Debug|Win32.ActiveCfg = Debug|Win32
		{E0B050CC-2B64-46BE-83DC-1B7BD14C9813}.Win10Debug|Win32.Build.0 = Debug|Win32
		{E0B050CC-2B64-46BE-83DC-1B7BD14C9813}.Win10Debug|x64.ActiveCfg = Release|Win32
		{E0B050CC-2B64-46BE-83DC-1B7BD14C9813}.Win10Debug|x64.Build.0 = Release|Win32
		{E0B050CC-2B64-46BE-83DC-1B7BD14C9813}.Win10Release|Any CPU.ActiveCfg = Release|Win32
		{E0B050CC-2B64-46BE-83DC-1B7BD14C9813}.Win10Release|Any CPU.Build.0 = Release|Win32
		{E0B050CC-2B64-46BE-83DC-1B7BD14C9813}.Win10Release|Win32.ActiveCfg = Release|Win32
		{E0B050CC-2B64-46BE-83DC-1B7BD14C9813}.Win10Release|Win32.Build.0 = Release|Win32
		{E0B050CC-2B64-46BE-83DC-1B7BD14C9813}.Win10Release|x64.ActiveCfg = Release|Win32
		{E0B050CC-2B64-46BE-83DC-1B7BD14C9813}.Win10Release|x64.Build.0 = Release|Win32
		{E0B050CC-2B64-46BE-83DC-1B7BD14C9813}.Win7 Debug|Any CPU.ActiveCfg = Release|Win32
		{E0B050CC-2B64-46BE-83DC-1B7BD14C9813}.Win7 Debug|Any CPU.Build.0 = Release|Win32
		{E0B050CC-2B64-46BE-83DC-1B7BD14C9813}.Win7 Debug|Win32.ActiveCfg = Debug|Win32
		{E0B050CC-2B64-46BE-83DC-1B7BD14C9813}.Win7 Debug|Win32.Build.0 = Debug|Win32
		{E0B050CC-2B64-46BE-83DC-1B7BD14C9813}.Win7 Debug|x64.ActiveCfg = Release|Win32
		{E0B050CC-2B64-46BE-83DC-1B7BD14C9813}.Win7 Debug|x64.Build.0 = Release|Win32
		{E0B050CC-2B64-46BE-83DC-1B7BD14C9813}.Win7 Release|Any CPU.ActiveCfg = Release|Win32
		{E0B050CC-2B64-46BE-83DC-1B7BD14C9813}.Win7 Release|Any CPU.Build.0 = Release|Win32
		{E0B050CC-2B64-46BE-83DC-1B7BD14C9813}.Win7 Release|Win32.ActiveCfg = Release|Win32
		{E0B050CC-2B64-46BE-83DC-1B7BD14C9813}.Win7 Release|Win32.Build.0 = Release|Win32
		{E0B050CC-2B64-46BE-83DC-1B7BD14C9813}.Win7 Release|x64.ActiveCfg = Release|Win32
		{E0B050CC-2B64-46BE-83DC-1B7BD14C9813}.Win7 Release|x64.Build.0 = Release|Win32
		{E0B050CC-2B64-46BE-83DC-1B7BD14C9813}.Win7Debug|Any CPU.ActiveCfg = Release|Win32
		{E0B050CC-2B64-46BE-83DC-1B7BD14C9813}.Win7Debug|Any CPU.Build.0 = Release|Win32
		{E0B050CC-2B64-46BE-83DC-1B7BD14C9813}.Win7Debug|Win32.ActiveCfg = Debug|Win32
		{E0B050CC-2B64-46BE-83DC-1B7BD14C9813}.Win7Debug|Win32.Build.0 = Debug|Win32
		{E0B050CC-2B64-46BE-83DC-1B7BD14C9813}.Win7Debug|x64.ActiveCfg = Release|Win32
		{E0B050CC-2B64-46BE-83DC-1B7BD14C9813}.Win7Debug|x64.Build.0 = Release|Win32
		{E0B050CC-2B64-46BE-83DC-1B7BD14C9813}.Win7Release|Any CPU.ActiveCfg = Release|Win32
		{E0B050CC-2B64-46BE-83DC-1B7BD14C9813}.Win7Release|Any CPU.Build.0 = Release|Win32
		{E0B050CC-2B64-46BE-83DC-1B7BD14C9813}.Win7Release|Win32.ActiveCfg = Release|Win32
		{E0B050CC-2B64-46BE-83DC-1B7BD14C9813}.Win7Release|Win32.Build.0 = Release|Win32
		{E0B050CC-2B64-46BE-83DC-1B7BD14C9813}.Win7Release|x64.ActiveCfg = Release|Win32
		{E0B050CC-2B64-46BE-83DC-1B7BD14C9813}.Win7Release|x64.Build.0 = Release|Win32
		{D054CFFC-860E-4FEE-B800-762473E70B06}.Debug|Any CPU.ActiveCfg = Debug|Win32
		{D054CFFC-860E-4FEE-B800-762473E70B06}.Debug|Win32.ActiveCfg = Debug|Win32
		{D054CFFC-860E-4FEE-B800-762473E70B06}.Debug|Win32.Build.0 = Debug|Win32
		{D054CFFC-860E-4FEE-B800-762473E70B06}.Debug|x64.ActiveCfg = Debug|Win32
		{D054CFFC-860E-4FEE-B800-762473E70B06}.Release|Any CPU.ActiveCfg = Release|Win32
		{D054CFFC-860E-4FEE-B800-762473E70B06}.Release|Win32.ActiveCfg = Release|Win32
		{D054CFFC-860E-4FEE-B800-762473E70B06}.Release|Win32.Build.0 = Release|Win32
		{D054CFFC-860E-4FEE-B800-762473E70B06}.Release|x64.ActiveCfg = Release|Win32
		{D054CFFC-860E-4FEE-B800-762473E70B06}.Win10Debug|Any CPU.ActiveCfg = Release|Win32
		{D054CFFC-860E-4FEE-B800-762473E70B06}.Win10Debug|Any CPU.Build.0 = Release|Win32
		{D054CFFC-860E-4FEE-B800-762473E70B06}.Win10Debug|Win32.ActiveCfg = Debug|Win32
		{D054CFFC-860E-4FEE-B800-762473E70B06}.Win10Debug|Win32.Build.0 = Debug|Win32
		{D054CFFC-860E-4FEE-B800-762473E70B06}.Win10Debug|x64.ActiveCfg = Release|Win32
		{D054CFFC-860E-4FEE-B800-762473E70B06}.Win10Debug|x64.Build.0 = Release|Win32
		{D054CFFC-860E-4FEE-B800-762473E70B06}.Win10Release|Any CPU.ActiveCfg = Release|Win32
		{D054CFFC-860E-4FEE-B800-762473E70B06}.Win10Release|Any CPU.Build.0 = Release|Win32
		{D054CFFC-860E-4FEE-B800-762473E70B06}.Win10Release|Win32.ActiveCfg = Release|Win32
		{D054CFFC-860E-4FEE-B800-762473E70B06}.Win10Release|Win32.Build.0 = Release|Win32
		{D054CFFC-860E-4FEE-B800-762473E70B06}.Win10Release|x64.ActiveCfg = Release|Win32
		{D054CFFC-860E-4FEE-B800-762473E70B06}.Win10Release|x64.Build.0 = Release|Win32
		{D054CFFC-860E-4FEE-B800-762473E70B06}.Win7 Debug|Any CPU.ActiveCfg = Release|Win32
		{D054CFFC-860E-4FEE-B800-762473E70B06}.Win7 Debug|Any CPU.Build.0 = Release|Win32
		{D054CFFC-860E-4FEE-B800-762473E70B06}.Win7 Debug|Win32.ActiveCfg = Debug|Win32
		{D054CFFC-860E-4FEE-B800-762473E70B06}.Win7 Debug|Win32.Build.0 = Debug|Win32
		{D054CFFC-860E-4FEE-B800-762473E70B06}.Win7 Debug|x64.ActiveCfg = Release|Win32
		{D054CFFC-860E-4FEE-B800-762473E70B06}.Win7 Debug|x64.Build.0 = Release|Win32
		{D054CFFC-860E-4FEE-B800-762473E70B06}.Win7 Release|Any CPU.ActiveCfg = Release|Win32
		{D054CFFC-860E-4FEE-B800-762473E70B06}.Win7 Release|Any CPU.Build.0 = Release|Win32
		{D054CFFC-860E-4FEE-B800-762473E70B06}.Win7 Release|Win32.ActiveCfg = Release|Win32
		{D054CFFC-860E-4FEE-B800-762473E70B06}.Win7 Release|Win32.Build.0 = Release|Win32
		{D054CFFC-860E-4FEE-B800-762473E70B06}.Win7 Release|x64.ActiveCfg = Release|Win32
		{D054CFFC-860E-4FEE-B800-762473E70B06}.Win7 Release|x64.Build.0 = Release|Win32
		{D054CFFC-860E-4FEE-B800-762473E70B06}.Win7Debug|Any CPU.ActiveCfg = Release|Win32
		{D054CFFC-860E-4FEE-B800-762473E70B06}.Win7Debug|Any CPU.Build.0 = Release|Win32
		{D054CFFC-860E-4FEE-B800-762473E70B06}.Win7Debug|Win32.ActiveCfg = Debug|Win32
		{D054CFFC-860E-4FEE-B800-762473E70B06}.Win7Debug|Win32.Build.0 = Debug|Win32
		{D054CFFC-860E-4FEE-B800-762473E70B06}.Win7Debug|x64.ActiveCfg = Release|Win32
		{D054CFFC-860E-4FEE-B800-762473E70B06}.Win7Debug|x64.Build.0 = Release|Win32
		{D054CFFC-860E-4FEE-B800-762473E70B06}.Win7Release|Any CPU.ActiveCfg = Release|Win32
		{D054CFFC-860E-4FEE-B800-762473E70B06}.Win7Release|Any CPU.Build.0 = Release|Win32
		{D054CFFC-860E-4FEE-B800-762473E70B06}.Win7Release|Win32.ActiveCfg = Release|Win32
		{D054CFFC-860E-4FEE-B800-762473E70B06}.Win7Release|Win32.Build.0 = Release|Win32
		{D054CFFC-860E-4FEE-B800-762473E70B06}.Win7Release|x64.ActiveCfg = Release|Win32
		{D054CFFC-860E-4FEE-B800-762473E70B06}.Win7Release|x64.Build.0 = Release|Win32
		{D706ABC5-64B7-4FC8-A4ED-3D17C0545F9B}.Debug|Any CPU.ActiveCfg = Debug|Win32
		{D706ABC5-64B7-4FC8-A4ED-3D17C0545F9B}.Debug|Win32.ActiveCfg = Debug|Win32
		{D706ABC5-64B7-4FC8-A4ED-3D17C0545F9B}.Debug|Win32.Build.0 = Debug|Win32
		{D706ABC5-64B7-4FC8-A4ED-3D17C0545F9B}.Debug|x64.ActiveCfg = Debug|Win32
		{D706ABC5-64B7-4FC8-A4ED-3D17C0545F9B}.Release|Any CPU.ActiveCfg = Release|Win32
		{D706ABC5-64B7-4FC8-A4ED-3D17C0545F9B}.Release|Win32.ActiveCfg = Release|Win32
		{D706ABC5-64B7-4FC8-A4ED-3D17C0545F9B}.Release|Win32.Build.0 = Release|Win32
		{D706ABC5-64B7-4FC8-A4ED-3D17C0545F9B}.Release|x64.ActiveCfg = Release|Win32
		{D706ABC5-64B7-4FC8-A4ED-3D17C0545F9B}.Win10Debug|Any CPU.ActiveCfg = Release|Win32
		{D706ABC5-64B7-4FC8-A4ED-3D17C0545F9B}.Win10Debug|Any CPU.Build.0 = Release|Win32
		{D706ABC5-64B7-4FC8-A4ED-3D17C0545F9B}.Win10Debug|Win32.ActiveCfg = Debug|Win32
		{D706ABC5-64B7-4FC8-A4ED-3D17C0545F9B}.Win10Debug|Win32.Build.0 = Debug|Win32
		{D706ABC5-64B7-4FC8-A4ED-3D17C0545F9B}.Win10Debug|x64.ActiveCfg = Release|Win32
		{D706ABC5-64B7-4FC8-A4ED-3D17C0545F9B}.Win10Debug|x64.Build.0 = Release|Win32
		{D706ABC5-64B7-4FC8-A4ED-3D17C0545F9B}.Win10Release|Any CPU.ActiveCfg = Release|Win32
		{D706ABC5-64B7-4FC8-A4ED-3D17C0545F9B}.Win10Release|Any CPU.Build.0 = Release|Win32
		{D706ABC5-64B7-4FC8-A4ED-3D17C0545F9B}.Win10Release|Win32.ActiveCfg = Release|Win32
		{D706ABC5-64B7-4FC8-A4ED-3D17C0545F9B}.Win10Release|Win32.Build.0 = Release|Win32
		{D706ABC5-64B7-4FC8-A4ED-3D17C0545F9B}.Win10Release|x64.ActiveCfg = Release|Win32
		{D706ABC5-64B7-4FC8-A4ED-3D17C0545F9B}.Win10Release|x64.Build.0 = Release|Win32
		{D706ABC5-64B7-4FC8-A4ED-3D17C0545F9B}.Win7 Debug|Any CPU.ActiveCfg = Release|Win32
		{D706ABC5-64B7-4FC8-A4ED-3D17C0545F9B}.Win7 Debug|Any CPU.Build.0 = Release|Win32
		{D706ABC5-64B7-4FC8-A4ED-3D17C0545F9B}.Win7 Debug|Win32.ActiveCfg = Debug|Win32
		{D706ABC5-64B7-4FC8-A4ED-3D17C0545F9B}.Win7 Debug|Win32.Build.0 = Debug|Win32
		{D706ABC5-64B7-4FC8-A4ED-3D17C0545F9B}.Win7 Debug|x64.ActiveCfg = Release|Win32
		{D706ABC5-64B7-4FC8-A4ED-3D17C0545F9B}.Win7 Debug|x64.Build.0 = Release|Win32
		{D706ABC5-64B7-4FC8-A4ED-3D17C0545F9B}.Win7 Release|Any CPU.ActiveCfg = Release|Win32
		{D706ABC5-64B7-4FC8-A4ED-3D17C0545F9B}.Win7 Release|Any CPU.Build.0 = Release|Win32
		{D706ABC5-64B7-4FC8-A4ED-3D17C0545F9B}.Win7 Release|Win32.ActiveCfg = Release|Win32
		{D706ABC5-64B7-4FC8-A4ED-3D17C0545F9B}.Win7 Release|Win32.Build.0 = Release|Win32
		{D706ABC5-64B7-4FC8-A4ED-3D17C0545F9B}.Win7 Release|x64.ActiveCfg = Release|Win32
		{D706ABC5-64B7-4FC8-A4ED-3D17C0545F9B}.Win7 Release|x64.Build.0 = Release|Win32
		{D706ABC5-64B7-4FC8-A4ED-3D17C0545F9B}.Win7Debug|Any CPU.ActiveCfg = Release|Win32
		{D706ABC5-64B7-4FC8-A4ED-3D17C0545F9B}.Win7Debug|Any CPU.Build.0 = Release|Win32
		{D706ABC5-64B7-4FC8-A4ED-3D17C0545F9B}.Win7Debug|Win32.ActiveCfg = Debug|Win32
		{D706ABC5-64B7-4FC8-A4ED-3D17C0545F9B}.Win7Debug|Win32.Build.0 = Debug|Win32
		{D706ABC5-64B7-4FC8-A4ED-3D17C0545F9B}.Win7Debug|x64.ActiveCfg = Release|Win32
		{D706ABC5-64B7-4FC8-A4ED-3D17C0545F9B}.Win7Debug|x64.Build.0 = Release|Win32
		{D706ABC5-64B7-4FC8-A4ED-3D17C0545F9B}.Win7Release|Any CPU.ActiveCfg = Release|Win32
		{D706ABC5-64B7-4FC8-A4ED-3D17C0545F9B}.Win7Release|Any CPU.Build.0 = Release|Win32
		{D706ABC5-64B7-4FC8-A4ED-3D17C0545F9B}.Win7Release|Win32.ActiveCfg = Release|Win32
		{D706ABC5-64B7-4FC8-A4ED-3D17C0545F9B}.Win7Release|Win32.Build.0 = Release|Win32
		{D706ABC5-64B7-4FC8-A4ED-3D17C0545F9B}.Win7Release|x64.ActiveCfg = Release|Win32
		{D706ABC5-64B7-4FC8-A4ED-3D17C0545F9B}.Win7Release|x64.Build.0 = Release|Win32
		{B48A8FF5-43F6-426F-8B1F-20F1B93D6868}.Debug|Any CPU.ActiveCfg = Debug|Win32
		{B48A8FF5-43F6-426F-8B1F-20F1B93D6868}.Debug|Win32.ActiveCfg = Debug|Win32
		{B48A8FF5-43F6-426F-8B1F-20F1B93D6868}.Debug|Win32.Build.0 = Debug|Win32
		{B48A8FF5-43F6-426F-8B1F-20F1B93D6868}.Debug|x64.ActiveCfg = Debug|Win32
		{B48A8FF5-43F6-426F-8B1F-20F1B93D6868}.Release|Any CPU.ActiveCfg = Release|Win32
		{B48A8FF5-43F6-426F-8B1F-20F1B93D6868}.Release|Win32.ActiveCfg = Release|Win32
		{B48A8FF5-43F6-426F-8B1F-20F1B93D6868}.Release|Win32.Build.0 = Release|Win32
		{B48A8FF5-43F6-426F-8B1F-20F1B93D6868}.Release|x64.ActiveCfg = Release|Win32
		{B48A8FF5-43F6-426F-8B1F-20F1B93D6868}.Win10Debug|Any CPU.ActiveCfg = Release|Win32
		{B48A8FF5-43F6-426F-8B1F-20F1B93D6868}.Win10Debug|Any CPU.Build.0 = Release|Win32
		{B48A8FF5-43F6-426F-8B1F-20F1B93D6868}.Win10Debug|Win32.ActiveCfg = Debug|Win32
		{B48A8FF5-43F6-426F-8B1F-20F1B93D6868}.Win10Debug|Win32.Build.0 = Debug|Win32
		{B48A8FF5-43F6-426F-8B1F-20F1B93D6868}.Win10Debug|x64.ActiveCfg = Release|Win32
		{B48A8FF5-43F6-426F-8B1F-20F1B93D6868}.Win10Debug|x64.Build.0 = Release|Win32
		{B48A8FF5-43F6-426F-8B1F-20F1B93D6868}.Win10Release|Any CPU.ActiveCfg = Release|Win32
		{B48A8FF5-43F6-426F-8B1F-20F1B93D6868}.Win10Release|Any CPU.Build.0 = Release|Win32
		{B48A8FF5-43F6-426F-8B1F-20F1B93D6868}.Win10Release|Win32.ActiveCfg = Release|Win32
		{B48A8FF5-43F6-426F-8B1F-20F1B93D6868}.Win10Release|Win32.Build.0 = Release|Win32
		{B48A8FF5-43F6-426F-8B1F-20F1B93D6868}.Win10Release|x64.ActiveCfg = Release|Win32
		{B48A8FF5-43F6-426F-8B1F-20F1B93D6868}.Win10Release|x64.Build.0 = Release|Win32
		{B48A8FF5-43F6-426F-8B1F-20F1B93D6868}.Win7 Debug|Any CPU.ActiveCfg = Release|Win32
		{B48A8FF5-43F6-426F-8B1F-20F1B93D6868}.Win7 Debug|Any CPU.Build.0 = Release|Win32
		{B48A8FF5-43F6-426F-8B1F-20F1B93D6868}.Win7 Debug|Win32.ActiveCfg = Debug|Win32
		{B48A8FF5-43F6-426F-8B1F-20F1B93D6868}.Win7 Debug|Win32.Build.0 = Debug|Win32
		{B48A8FF5-43F6-426F-8B1F-20F1B93D6868}.Win7 Debug|x64.ActiveCfg = Release|Win32
		{B48A8FF5-43F6-426F-8B1F-20F1B93D6868}.Win7 Debug|x64.Build.0 = Release|Win32
		{B48A8FF5-43F6-426F-8B1F-20F1B93D6868}.Win7 Release|Any CPU.ActiveCfg = Release|Win32
		{B48A8FF5-43F6-426F-8B1F-20F1B93D6868}.Win7 Release|Any CPU.Build.0 = Release|Win32
		{B48A8FF5-43F6-426F-8B1F-20F1B93D6868}.Win7 Release|Win32.ActiveCfg = Release|Win32
		{B48A8FF5-43F6-426F-8B1F-20F1B93D6868}.Win7 Release|Win32.Build.0 = Release|Win32
		{B48A8FF5-43F6-426F-8B1F-20F1B93D6868}.Win7 Release|x64.ActiveCfg = Release|Win32
		{B48A8FF5-43F6-426F-8B1F-20F1B93D6868}.Win7 Release|x64.Build.0 = Release|Win32
		{B48A8FF5-43F6-426F-8B1F-20F1B93D6868}.Win7Debug|Any CPU.ActiveCfg = Release|Win32
		{B48A8FF5-43F6-426F-8B1F-20F1B93D6868}.Win7Debug|Any CPU.Build.0 = Release|Win32
		{B48A8FF5-43F6-426F-8B1F-20F1B93D6868}.Win7Debug|Win32.ActiveCfg = Debug|Win32
		{B48A8FF5-43F6-426F-8B1F-20F1B93D6868}.Win7Debug|Win32.Build.0 = Debug|Win32
		{B48A8FF5-43F6-426F-8B1F-20F1B93D6868}.Win7Debug|x64.ActiveCfg = Release|Win32
		{B48A8FF5-43F6-426F-8B1F-20F1B93D6868}.Win7Debug|x64.Build.0 = Release|Win32
		{B48A8FF5-43F6-426F-8B1F-20F1B93D6868}.Win7Release|Any CPU.ActiveCfg = Release|Win32
		{B48A8FF5-43F6-426F-8B1F-20F1B93D6868}.Win7Release|Any CPU.Build.0 = Release|Win32
		{B48A8FF5-43F6-426F-8B1F-20F1B93D6868}.Win7Release|Win32.ActiveCfg = Release|Win32
		{B48A8FF5-43F6-426F-8B1F-20F1B93D6868}.Win7Release|Win32.Build.0 = Release|Win32
		{B48A8FF5-43F6-426F-8B1F-20F1B93D6868}.Win7Release|x64.ActiveCfg = Release|Win32
		{B48A8FF5-43F6-426F-8B1F-20F1B93D6868}.Win7Release|x64.Build.0 = Release|Win32
		{E79A8ACF-4E58-434B-A967-B5A6269B823C}.Debug|Any CPU.ActiveCfg = Debug|Win32
		{E79A8ACF-4E58-434B-A967-B5A6269B823C}.Debug|Win32.ActiveCfg = Debug|Win32
		{E79A8ACF-4E58-434B-A967-B5A6269B823C}.Debug|Win32.Build.0 = Debug|Win32
		{E79A8ACF-4E58-434B-A967-B5A6269B823C}.Debug|x64.ActiveCfg = Debug|Win32
		{E79A8ACF-4E58-434B-A967-B5A6269B823C}.Release|Any CPU.ActiveCfg = Release|Win32
		{E79A8ACF-4E58-434B-A967-B5A6269B823C}.Release|Win32.ActiveCfg = Release|Win32
		{E79A8ACF-4E58-434B-A967-B5A6269B823C}.Release|Win32.Build.0 = Release|Win32
		{E79A8ACF-4E58-434B-A967-B5A6269B823C}.Release|x64.ActiveCfg = Release|Win32
		{E79A8ACF-4E58-434B-A967-B5A6269B823C}.Win10Debug|Any CPU.ActiveCfg = Release|Win32
		{E79A8ACF-4E58-434B-A967-B5A6269B823C}.Win10Debug|Any CPU.Build.0 = Release|Win32
		{E79A8ACF-4E58-434B-A967-B5A6269B823C}.Win10Debug|Win32.ActiveCfg = Debug|Win32
		{E79A8ACF-4E58-434B-A967-B5A6269B823C}.Win10Debug|Win32.Build.0 = Debug|Win32
		{E79A8ACF-4E58-434B-A967-B5A6269B823C}.Win10Debug|x64.ActiveCfg = Release|Win32
		{E79A8ACF-4E58-434B-A967-B5A6269B823C}.Win10Debug|x64.Build.0 = Release|Win32
		{E79A8ACF-4E58-434B-A967-B5A6269B823C}.Win10Release|Any CPU.ActiveCfg = Release|Win32
		{E79A8ACF-4E58-434B-A967-B5A6269B823C}.Win10Release|Any CPU.Build.0 = Release|Win32
		{E79A8ACF-4E58-434B-A967-B5A6269B823C}.Win10Release|Win32.ActiveCfg = Release|Win32
		{E79A8ACF-4E58-434B-A967-B5A6269B823C}.Win10Release|Win32.Build.0 = Release|Win32
		{E79A8ACF-4E58-434B-A967-B5A6269B823C}.Win10Release|x64.ActiveCfg = Release|Win32
		{E79A8ACF-4E58-434B-A967-B5A6269B823C}.Win10Release|x64.Build.0 = Release|Win32
		{E79A8ACF-4E58-434B-A967-B5A6269B823C}.Win7 Debug|Any CPU.ActiveCfg = Release|Win32
		{E79A8ACF-4E58-434B-A967-B5A6269B823C}.Win7 Debug|Any CPU.Build.0 = Release|Win32
		{E79A8ACF-4E58-434B-A967-B5A6269B823C}.Win7 Debug|Win32.ActiveCfg = Debug|Win32
		{E79A8ACF-4E58-434B-A967-B5A6269B823C}.Win7 Debug|Win32.Build.0 = Debug|Win32
		{E79A8ACF-4E58-434B-A967-B5A6269B823C}.Win7 Debug|x64.ActiveCfg = Release|Win32
		{E79A8ACF-4E58-434B-A967-B5A6269B823C}.Win7 Debug|x64.Build.0 = Release|Win32
		{E79A8ACF-4E58-434B-A967-B5A6269B823C}.Win7 Release|Any CPU.ActiveCfg = Release|Win32
		{E79A8ACF-4E58-434B-A967-B5A6269B823C}.Win7 Release|Any CPU.Build.0 = Release|Win32
		{E79A8ACF-4E58-434B-A967-B5A6269B823C}.Win7 Release|Win32.ActiveCfg = Release|Win32
		{E79A8ACF-4E58-434B-A967-B5A6269B823C}.Win7 Release|Win32.Build.0 = Release|Win32
		{E79A8ACF-4E58-434B-A967-B5A6269B823C}.Win7 Release|x64.ActiveCfg = Release|Win32
		{E79A8ACF-4E58-434B-A967-B5A6269B823C}.Win7 Release|x64.Build.0 = Release|Win32
		{E79A8ACF-4E58-434B-A967-B5A6269B823C}.Win7Debug|Any CPU.ActiveCfg = Release|Win32
		{E79A8ACF-4E58-434B-A967-B5A6269B823C}.Win7Debug|Any CPU.Build.0 = Release|Win32
		{E79A8ACF-4E58-434B-A967-B5A6269B823C}.Win7Debug|Win32.ActiveCfg = Debug|Win32
		{E79A8ACF-4E58-434B-A967-B5A6269B823C}.Win7Debug|Win32.Build.0 = Debug|Win32
		{E79A8ACF-4E58-434B-A967-B5A6269B823C}.Win7Debug|x64.ActiveCfg = Release|Win32
		{E79A8ACF-4E58-434B-A967-B5A6269B823C}.Win7Debug|x64.Build.0 = Release|Win32
		{E79A8ACF-4E58-434B-A967-B5A6269B823C}.Win7Release|Any CPU.ActiveCfg = Release|Win32
		{E79A8ACF-4E58-434B-A967-B5A6269B823C}.Win7Release|Any CPU.Build.0 = Release|Win32
		{E79A8ACF-4E58-434B-A967-B5A6269B823C}.Win7Release|Win32.ActiveCfg = Release|Win32
		{E79A8ACF-4E58-434B-A967-B5A6269B823C}.Win7Release|Win32.Build.0 = Release|Win32
		{E79A8ACF-4E58-434B-A967-B5A6269B823C}.Win7Release|x64.ActiveCfg = Release|Win32
		{E79A8ACF-4E58-434B-A967-B5A6269B823C}.Win7Release|x64.Build.0 = Release|Win32
		{5566B554-26CF-45A6-BBEF-14247D836E41}.Debug|Any CPU.ActiveCfg = Debug|Win32
		{5566B554-26CF-45A6-BBEF-14247D836E41}.Debug|Win32.ActiveCfg = Debug|Win32
		{5566B554-26CF-45A6-BBEF-14247D836E41}.Debug|Win32.Build.0 = Debug|Win32
		{5566B554-26CF-45A6-BBEF-14247D836E41}.Debug|x64.ActiveCfg = Debug|Win32
		{5566B554-26CF-45A6-BBEF-14247D836E41}.Release|Any CPU.ActiveCfg = Release|Win32
		{5566B554-26CF-45A6-BBEF-14247D836E41}.Release|Win32.ActiveCfg = Release|Win32
		{5566B554-26CF-45A6-BBEF-14247D836E41}.Release|Win32.Build.0 = Release|Win32
		{5566B554-26CF-45A6-BBEF-14247D836E41}.Release|x64.ActiveCfg = Release|Win32
		{5566B554-26CF-45A6-BBEF-14247D836E41}.Win10Debug|Any CPU.ActiveCfg = Debug|x64
		{5566B554-26CF-45A6-BBEF-14247D836E41}.Win10Debug|Any CPU.Build.0 = Debug|x64
		{5566B554-26CF-45A6-BBEF-14247D836E41}.Win10Debug|Win32.ActiveCfg = Debug|Win32
		{5566B554-26CF-45A6-BBEF-14247D836E41}.Win10Debug|Win32.Build.0 = Debug|Win32
		{5566B554-26CF-45A6-BBEF-14247D836E41}.Win10Debug|x64.ActiveCfg = Debug|x64
		{5566B554-26CF-45A6-BBEF-14247D836E41}.Win10Debug|x64.Build.0 = Debug|x64
		{5566B554-26CF-45A6-BBEF-14247D836E41}.Win10Release|Any CPU.ActiveCfg = Debug|x64
		{5566B554-26CF-45A6-BBEF-14247D836E41}.Win10Release|Any CPU.Build.0 = Debug|x64
		{5566B554-26CF-45A6-BBEF-14247D836E41}.Win10Release|Win32.ActiveCfg = Release|Win32
		{5566B554-26CF-45A6-BBEF-14247D836E41}.Win10Release|Win32.Build.0 = Release|Win32
		{5566B554-26CF-45A6-BBEF-14247D836E41}.Win10Release|x64.ActiveCfg = Release|Win32
		{5566B554-26CF-45A6-BBEF-14247D836E41}.Win10Release|x64.Build.0 = Release|Win32
		{5566B554-26CF-45A6-BBEF-14247D836E41}.Win7 Debug|Any CPU.ActiveCfg = Release|x64
		{5566B554-26CF-45A6-BBEF-14247D836E41}.Win7 Debug|Any CPU.Build.0 = Release|x64
		{5566B554-26CF-45A6-BBEF-14247D836E41}.Win7 Debug|Win32.ActiveCfg = Debug|Win32
		{5566B554-26CF-45A6-BBEF-14247D836E41}.Win7 Debug|Win32.Build.0 = Debug|Win32
		{5566B554-26CF-45A6-BBEF-14247D836E41}.Win7 Debug|x64.ActiveCfg = Debug|x64
		{5566B554-26CF-45A6-BBEF-14247D836E41}.Win7 Debug|x64.Build.0 = Debug|x64
		{5566B554-26CF-45A6-BBEF-14247D836E41}.Win7 Release|Any CPU.ActiveCfg = Release|Win32
		{5566B554-26CF-45A6-BBEF-14247D836E41}.Win7 Release|Any CPU.Build.0 = Release|Win32
		{5566B554-26CF-45A6-BBEF-14247D836E41}.Win7 Release|Win32.ActiveCfg = Release|Win32
		{5566B554-26CF-45A6-BBEF-14247D836E41}.Win7 Release|Win32.Build.0 = Release|Win32
		{5566B554-26CF-45A6-BBEF-14247D836E41}.Win7 Release|x64.ActiveCfg = Release|Win32
		{5566B554-26CF-45A6-BBEF-14247D836E41}.Win7 Release|x64.Build.0 = Release|Win32
		{5566B554-26CF-45A6-BBEF-14247D836E41}.Win7Debug|Any CPU.ActiveCfg = Release|x64
		{5566B554-26CF-45A6-BBEF-14247D836E41}.Win7Debug|Any CPU.Build.0 = Release|x64
		{5566B554-26CF-45A6-BBEF-14247D836E41}.Win7Debug|Win32.ActiveCfg = Debug|Win32
		{5566B554-26CF-45A6-BBEF-14247D836E41}.Win7Debug|Win32.Build.0 = Debug|Win32
		{5566B554-26CF-45A6-BBEF-14247D836E41}.Win7Debug|x64.ActiveCfg = Release|Win32
		{5566B554-26CF-45A6-BBEF-14247D836E41}.Win7Debug|x64.Build.0 = Release|Win32
		{5566B554-26CF-45A6-BBEF-14247D836E41}.Win7Release|Any CPU.ActiveCfg = Release|x64
		{5566B554-26CF-45A6-BBEF-14247D836E41}.Win7Release|Any CPU.Build.0 = Release|x64
		{5566B554-26CF-45A6-BBEF-14247D836E41}.Win7Release|Win32.ActiveCfg = Release|Win32
		{5566B554-26CF-45A6-BBEF-14247D836E41}.Win7Release|Win32.Build.0 = Release|Win32
		{5566B554-26CF-45A6-BBEF-14247D836E41}.Win7Release|x64.ActiveCfg = Release|Win32
		{5566B554-26CF-45A6-BBEF-14247D836E41}.Win7Release|x64.Build.0 = Release|Win32
		{2D62C5A0-8C74-490B-BD22-EDE0AF86002F}.Debug|Any CPU.ActiveCfg = Debug|Win32
		{2D62C5A0-8C74-490B-BD22-EDE0AF86002F}.Debug|Win32.ActiveCfg = Debug|Win32
		{2D62C5A0-8C74-490B-BD22-EDE0AF86002F}.Debug|Win32.Build.0 = Debug|Win32
		{2D62C5A0-8C74-490B-BD22-EDE0AF86002F}.Debug|x64.ActiveCfg = Debug|x64
		{2D62C5A0-8C74-490B-BD22-EDE0AF86002F}.Debug|x64.Build.0 = Debug|x64
		{2D62C5A0-8C74-490B-BD22-EDE0AF86002F}.Release|Any CPU.ActiveCfg = Release|Win32
		{2D62C5A0-8C74-490B-BD22-EDE0AF86002F}.Release|Win32.ActiveCfg = Release|Win32
		{2D62C5A0-8C74-490B-BD22-EDE0AF86002F}.Release|Win32.Build.0 = Release|Win32
		{2D62C5A0-8C74-490B-BD22-EDE0AF86002F}.Release|x64.ActiveCfg = Release|x64
		{2D62C5A0-8C74-490B-BD22-EDE0AF86002F}.Release|x64.Build.0 = Release|x64
		{2D62C5A0-8C74-490B-BD22-EDE0AF86002F}.Win10Debug|Any CPU.ActiveCfg = Release|x64
		{2D62C5A0-8C74-490B-BD22-EDE0AF86002F}.Win10Debug|Any CPU.Build.0 = Release|x64
		{2D62C5A0-8C74-490B-BD22-EDE0AF86002F}.Win10Debug|Win32.ActiveCfg = Debug|Win32
		{2D62C5A0-8C74-490B-BD22-EDE0AF86002F}.Win10Debug|Win32.Build.0 = Debug|Win32
		{2D62C5A0-8C74-490B-BD22-EDE0AF86002F}.Win10Debug|x64.ActiveCfg = Debug|x64
		{2D62C5A0-8C74-490B-BD22-EDE0AF86002F}.Win10Debug|x64.Build.0 = Debug|x64
		{2D62C5A0-8C74-490B-BD22-EDE0AF86002F}.Win10Release|Any CPU.ActiveCfg = Release|x64
		{2D62C5A0-8C74-490B-BD22-EDE0AF86002F}.Win10Release|Any CPU.Build.0 = Release|x64
		{2D62C5A0-8C74-490B-BD22-EDE0AF86002F}.Win10Release|Win32.ActiveCfg = Release|Win32
		{2D62C5A0-8C74-490B-BD22-EDE0AF86002F}.Win10Release|Win32.Build.0 = Release|Win32
		{2D62C5A0-8C74-490B-BD22-EDE0AF86002F}.Win10Release|x64.ActiveCfg = Release|Win32
		{2D62C5A0-8C74-490B-BD22-EDE0AF86002F}.Win10Release|x64.Build.0 = Release|Win32
		{2D62C5A0-8C74-490B-BD22-EDE0AF86002F}.Win7 Debug|Any CPU.ActiveCfg = Release|x64
		{2D62C5A0-8C74-490B-BD22-EDE0AF86002F}.Win7 Debug|Any CPU.Build.0 = Release|x64
		{2D62C5A0-8C74-490B-BD22-EDE0AF86002F}.Win7 Debug|Win32.ActiveCfg = Debug|Win32
		{2D62C5A0-8C74-490B-BD22-EDE0AF86002F}.Win7 Debug|Win32.Build.0 = Debug|Win32
		{2D62C5A0-8C74-490B-BD22-EDE0AF86002F}.Win7 Debug|x64.ActiveCfg = Debug|x64
		{2D62C5A0-8C74-490B-BD22-EDE0AF86002F}.Win7 Debug|x64.Build.0 = Debug|x64
		{2D62C5A0-8C74-490B-BD22-EDE0AF86002F}.Win7 Release|Any CPU.ActiveCfg = Release|Win32
		{2D62C5A0-8C74-490B-BD22-EDE0AF86002F}.Win7 Release|Any CPU.Build.0 = Release|Win32
		{2D62C5A0-8C74-490B-BD22-EDE0AF86002F}.Win7 Release|Win32.ActiveCfg = Release|Win32
		{2D62C5A0-8C74-490B-BD22-EDE0AF86002F}.Win7 Release|Win32.Build.0 = Release|Win32
		{2D62C5A0-8C74-490B-BD22-EDE0AF86002F}.Win7 Release|x64.ActiveCfg = Release|Win32
		{2D62C5A0-8C74-490B-BD22-EDE0AF86002F}.Win7 Release|x64.Build.0 = Release|Win32
		{2D62C5A0-8C74-490B-BD22-EDE0AF86002F}.Win7Debug|Any CPU.ActiveCfg = Release|x64
		{2D62C5A0-8C74-490B-BD22-EDE0AF86002F}.Win7Debug|Any CPU.Build.0 = Release|x64
		{2D62C5A0-8C74-490B-BD22-EDE0AF86002F}.Win7Debug|Win32.ActiveCfg = Debug|Win32
		{2D62C5A0-8C74-490B-BD22-EDE0AF86002F}.Win7Debug|Win32.Build.0 = Debug|Win32
		{2D62C5A0-8C74-490B-BD22-EDE0AF86002F}.Win7Debug|x64.ActiveCfg = Release|Win32
		{2D62C5A0-8C74-490B-BD22-EDE0AF86002F}.Win7Debug|x64.Build.0 = Release|Win32
		{2D62C5A0-8C74-490B-BD22-EDE0AF86002F}.Win7Release|Any CPU.ActiveCfg = Release|x64
		{2D62C5A0-8C74-490B-BD22-EDE0AF86002F}.Win7Release|Any CPU.Build.0 = Release|x64
		{2D62C5A0-8C74-490B-BD22-EDE0AF86002F}.Win7Release|Win32.ActiveCfg = Release|Win32
		{2D62C5A0-8C74-490B-BD22-EDE0AF86002F}.Win7Release|Win32.Build.0 = Release|Win32
		{2D62C5A0-8C74-490B-BD22-EDE0AF86002F}.Win7Release|x64.ActiveCfg = Release|Win32
		{2D62C5A0-8C74-490B-BD22-EDE0AF86002F}.Win7Release|x64.Build.0 = Release|Win32
		{D83F728B-4530-4AD7-A303-C8C7C8258689}.Debug|Any CPU.ActiveCfg = Win7 Release|Win32
		{D83F728B-4530-4AD7-A303-C8C7C8258689}.Debug|Any CPU.Build.0 = Win7 Release|Win32
		{D83F728B-4530-4AD7-A303-C8C7C8258689}.Debug|Win32.ActiveCfg = Win7 Debug|Win32
		{D83F728B-4530-4AD7-A303-C8C7C8258689}.Debug|Win32.Build.0 = Win7 Debug|Win32
		{D83F728B-4530-4AD7-A303-C8C7C8258689}.Debug|x64.ActiveCfg = Win7 Debug|x64
		{D83F728B-4530-4AD7-A303-C8C7C8258689}.Debug|x64.Build.0 = Win7 Debug|x64
		{D83F728B-4530-4AD7-A303-C8C7C8258689}.Release|Any CPU.ActiveCfg = Win7 Release|Win32
		{D83F728B-4530-4AD7-A303-C8C7C8258689}.Release|Any CPU.Build.0 = Win7 Release|Win32
		{D83F728B-4530-4AD7-A303-C8C7C8258689}.Release|Win32.ActiveCfg = Win7 Release|Win32
		{D83F728B-4530-4AD7-A303-C8C7C8258689}.Release|Win32.Build.0 = Win7 Release|Win32
		{D83F728B-4530-4AD7-A303-C8C7C8258689}.Release|x64.ActiveCfg = Win7 Release|x64
		{D83F728B-4530-4AD7-A303-C8C7C8258689}.Release|x64.Build.0 = Win7 Release|x64
		{D83F728B-4530-4AD7-A303-C8C7C8258689}.Win10Debug|Any CPU.ActiveCfg = Win7 Release|Win32
		{D83F728B-4530-4AD7-A303-C8C7C8258689}.Win10Debug|Any CPU.Build.0 = Win7 Release|Win32
		{D83F728B-4530-4AD7-A303-C8C7C8258689}.Win10Debug|Win32.ActiveCfg = Win7 Release|Win32
		{D83F728B-4530-4AD7-A303-C8C7C8258689}.Win10Debug|Win32.Build.0 = Win7 Release|Win32
		{D83F728B-4530-4AD7-A303-C8C7C8258689}.Win10Debug|x64.ActiveCfg = Win7 Release|x64
		{D83F728B-4530-4AD7-A303-C8C7C8258689}.Win10Debug|x64.Build.0 = Win7 Release|x64
		{D83F728B-4530-4AD7-A303-C8C7C8258689}.Win10Release|Any CPU.ActiveCfg = Win7 Release|Win32
		{D83F728B-4530-4AD7-A303-C8C7C8258689}.Win10Release|Any CPU.Build.0 = Win7 Release|Win32
		{D83F728B-4530-4AD7-A303-C8C7C8258689}.Win10Release|Win32.ActiveCfg = Win7 Release|Win32
		{D83F728B-4530-4AD7-A303-C8C7C8258689}.Win10Release|Win32.Build.0 = Win7 Release|Win32
		{D83F728B-4530-4AD7-A303-C8C7C8258689}.Win10Release|x64.ActiveCfg = Win7 Release|x64
		{D83F728B-4530-4AD7-A303-C8C7C8258689}.Win10Release|x64.Build.0 = Win7 Release|x64
		{D83F728B-4530-4AD7-A303-C8C7C8258689}.Win7 Debug|Any CPU.ActiveCfg = Win7 Debug|Win32
		{D83F728B-4530-4AD7-A303-C8C7C8258689}.Win7 Debug|Win32.ActiveCfg = Win7 Debug|Win32
		{D83F728B-4530-4AD7-A303-C8C7C8258689}.Win7 Debug|Win32.Build.0 = Win7 Debug|Win32
		{D83F728B-4530-4AD7-A303-C8C7C8258689}.Win7 Debug|x64.ActiveCfg = Win7 Debug|x64
		{D83F728B-4530-4AD7-A303-C8C7C8258689}.Win7 Debug|x64.Build.0 = Win7 Debug|x64
		{D83F728B-4530-4AD7-A303-C8C7C8258689}.Win7 Release|Any CPU.ActiveCfg = Win7 Release|x64
		{D83F728B-4530-4AD7-A303-C8C7C8258689}.Win7 Release|Win32.ActiveCfg = Win7 Release|Win32
		{D83F728B-4530-4AD7-A303-C8C7C8258689}.Win7 Release|x64.ActiveCfg = Win7 Release|x64
		{D83F728B-4530-4AD7-A303-C8C7C8258689}.Win7 Release|x64.Build.0 = Win7 Release|x64
		{D83F728B-4530-4AD7-A303-C8C7C8258689}.Win7Debug|Any CPU.ActiveCfg = Win7 Release|Win32
		{D83F728B-4530-4AD7-A303-C8C7C8258689}.Win7Debug|Any CPU.Build.0 = Win7 Release|Win32
		{D83F728B-4530-4AD7-A303-C8C7C8258689}.Win7Debug|Win32.ActiveCfg = Win7 Release|Win32
		{D83F728B-4530-4AD7-A303-C8C7C8258689}.Win7Debug|Win32.Build.0 = Win7 Release|Win32
		{D83F728B-4530-4AD7-A303-C8C7C8258689}.Win7Debug|x64.ActiveCfg = Win7 Release|x64
		{D83F728B-4530-4AD7-A303-C8C7C8258689}.Win7Debug|x64.Build.0 = Win7 Release|x64
		{D83F728B-4530-4AD7-A303-C8C7C8258689}.Win7Release|Any CPU.ActiveCfg = Win7 Release|Win32
		{D83F728B-4530-4AD7-A303-C8C7C8258689}.Win7Release|Any CPU.Build.0 = Win7 Release|Win32
		{D83F728B-4530-4AD7-A303-C8C7C8258689}.Win7Release|Win32.ActiveCfg = Win7 Release|Win32
		{D83F728B-4530-4AD7-A303-C8C7C8258689}.Win7Release|Win32.Build.0 = Win7 Release|Win32
		{D83F728B-4530-4AD7-A303-C8C7C8258689}.Win7Release|x64.ActiveCfg = Win7 Release|x64
		{D83F728B-4530-4AD7-A303-C8C7C8258689}.Win7Release|x64.Build.0 = Win7 Release|x64
	EndGlobalSection
	GlobalSection(SolutionProperties) = preSolution
		HideSolutionNode = FALSE
	EndGlobalSection
	GlobalSection(NestedProjects) = preSolution
		{5A1B3836-9A4A-43A0-85CC-96F7E1F1F063} = {3F543635-FF30-4B88-B55C-1C74FC3BF793}
		{32BBD24C-C4E0-450F-A96D-9F51C4846B09} = {B0B3DF26-6B87-48E2-8480-131E47286015}
		{36A9BDE1-906C-448B-86C6-302C31ACE5EE} = {B0B3DF26-6B87-48E2-8480-131E47286015}
		{A407252E-64D2-49FF-99EF-0F021501AA6C} = {B0B3DF26-6B87-48E2-8480-131E47286015}
		{AB1E983A-7884-4815-9884-B11C1C9470CD} = {B0B3DF26-6B87-48E2-8480-131E47286015}
		{3228245E-2980-4BFE-9D8E-BC454C45C09A} = {B0B3DF26-6B87-48E2-8480-131E47286015}
		{E0B050CC-2B64-46BE-83DC-1B7BD14C9813} = {B0B3DF26-6B87-48E2-8480-131E47286015}
		{D054CFFC-860E-4FEE-B800-762473E70B06} = {B0B3DF26-6B87-48E2-8480-131E47286015}
		{D706ABC5-64B7-4FC8-A4ED-3D17C0545F9B} = {B0B3DF26-6B87-48E2-8480-131E47286015}
		{B48A8FF5-43F6-426F-8B1F-20F1B93D6868} = {B0B3DF26-6B87-48E2-8480-131E47286015}
		{E79A8ACF-4E58-434B-A967-B5A6269B823C} = {4665CB92-2F38-425C-AE13-E2F64CE216A2}
		{5566B554-26CF-45A6-BBEF-14247D836E41} = {4665CB92-2F38-425C-AE13-E2F64CE216A2}
		{2D62C5A0-8C74-490B-BD22-EDE0AF86002F} = {B0B3DF26-6B87-48E2-8480-131E47286015}
		{D83F728B-4530-4AD7-A303-C8C7C8258689} = {3F543635-FF30-4B88-B55C-1C74FC3BF793}
	EndGlobalSection
EndGlobal
